# THIS IS AN AUTOGENERATED FILE. DO NOT EDIT THIS FILE DIRECTLY.
# yarn lockfile v1


"@nger/core@^1.7.4":
  version "1.7.4"
  resolved "https://registry.yarnpkg.com/@nger/core/-/core-1.7.4.tgz#852a3d2999a7af6866a2afe456e5664d2dfbc493"
  integrity sha512-SoY4Q5+OfVZ+bdhwZlXy32RZJUgnuAAmFuJpIwMXYZNwxL8bISRBnZp37Ic+nOkTLsnDU0sve6xz9te/k6lt/g==
  dependencies:
    "@nger/decorator" "^1.1.7"
    "@nger/di" "^1.4.0"
    rxjs "^6.5.3"

"@nger/decorator@^1.1.6", "@nger/decorator@^1.1.7":
  version "1.1.7"
  resolved "https://registry.yarnpkg.com/@nger/decorator/-/decorator-1.1.7.tgz#99ef5a45bcb833af3e9061bd1aa1e16115aab899"
  integrity sha512-jlqQVb3RcKapd//dNvaSTwbhCI2BAouh/PyI7ze+yMOP2PX24BwdnUnX535Iyt6wCks4Q1Vx/nSpUu5kiw/L4g==
  dependencies:
    reflect-metadata "^0.1.13"

"@nger/di@^1.4.0":
  version "1.4.0"
  resolved "https://registry.yarnpkg.com/@nger/di/-/di-1.4.0.tgz#27c60cce824f90fab3cd58128c0bfbf908383f31"
  integrity sha512-RhmDbuYtM1VR14jOmvOwSqVLcoiIlxUI+03HUtUs9TBlDWsK6zp/HBcYrDx/J2ZRcXQD4UhhJu9531Ldfe368w==
  dependencies:
    "@nger/decorator" "^1.1.6"

reflect-metadata@^0.1.13:
  version "0.1.13"
  resolved "https://registry.yarnpkg.com/reflect-metadata/-/reflect-metadata-0.1.13.tgz#67ae3ca57c972a2aa1642b10fe363fe32d49dc08"
  integrity sha512-Ts1Y/anZELhSsjMcU605fU9RE4Oi3p5ORujwbIKXfWa+0Zxs510Qrmrce5/Jowq3cHSZSJqBjypxmHarc+vEWg==

rxjs@^6.5.3:
  version "6.5.3"
  resolved "https://registry.yarnpkg.com/rxjs/-/rxjs-6.5.3.tgz#510e26317f4db91a7eb1de77d9dd9ba0a4899a3a"
  integrity sha512-wuYsAYYFdWTAnAaPoKGNhfpWwKZbJW+HgAJ+mImp+Epl7BG8oNWBCTyRM8gba9k4lk8BgWdoYm21Mo/RYhhbgA==
  dependencies:
    tslib "^1.9.0"

tslib@^1.9.0:
  version "1.10.0"
  resolved "https://registry.yarnpkg.com/tslib/-/tslib-1.10.0.tgz#c3c19f95973fb0a62973fb09d90d961ee43e5c8a"
  integrity sha512-qOebF53frne81cf0S9B41ByenJ3/IuH8yJKngAX35CmiZySA0khhkovshKK+jGCaMnVomla7gVlIcc3EvKPbTQ==
